{
  "object": {
    "pins": [
      {
        "package": "ErrorMessageType",
        "repositoryURL": "https://github.com/jeremyabannister/ErrorMessageType",
        "state": {
          "branch": null,
          "revision": "12a61407a1a804f345fa02449511337edc5a7c9e",
          "version": "0.1.0"
        }
      }
    ]
  },
  "version": 1
}
